
Microsoft Visual Studio Solution File, Format Version 12.00
# Visual Studio 15
VisualStudioVersion = 15.0.26124.0
MinimumVisualStudioVersion = 15.0.26124.0
Project("{FAE04EC0-301F-11D3-BF4B-00C04F79EFBC}") = "StringLibrary", "StringLibrary\StringLibrary.csproj", "{9534CA03-DC85-4485-B242-19486655B801}"
EndProject
Project("{FAE04EC0-301F-11D3-BF4B-00C04F79EFBC}") = "ShowCase", "ShowCase\ShowCase.csproj", "{0A6608BB-3549-47EE-834B-DE30B4A377C6}"
EndProject
Project("{FAE04EC0-301F-11D3-BF4B-00C04F79EFBC}") = "StringLibraryTest", "StringLibraryTest\StringLibraryTest.csproj", "{7580F8AE-B04D-4887-9E9C-C5729EBC8B32}"
EndProject
Global
	GlobalSection(SolutionConfigurationPlatforms) = preSolution
		Debug|Any CPU = Debug|Any CPU
		Debug|x64 = Debug|x64
		Debug|x86 = Debug|x86
		Release|Any CPU = Release|Any CPU
		Release|x64 = Release|x64
		Release|x86 = Release|x86
	EndGlobalSection
	GlobalSection(SolutionProperties) = preSolution
		HideSolutionNode = FALSE
	EndGlobalSection
	GlobalSection(ProjectConfigurationPlatforms) = postSolution
		{9534CA03-DC85-4485-B242-19486655B801}.Debug|Any CPU.ActiveCfg = Debug|Any CPU
		{9534CA03-DC85-4485-B242-19486655B801}.Debug|Any CPU.Build.0 = Debug|Any CPU
		{9534CA03-DC85-4485-B242-19486655B801}.Debug|x64.ActiveCfg = Debug|Any CPU
		{9534CA03-DC85-4485-B242-19486655B801}.Debug|x64.Build.0 = Debug|Any CPU
		{9534CA03-DC85-4485-B242-19486655B801}.Debug|x86.ActiveCfg = Debug|Any CPU
		{9534CA03-DC85-4485-B242-19486655B801}.Debug|x86.Build.0 = Debug|Any CPU
		{9534CA03-DC85-4485-B242-19486655B801}.Release|Any CPU.ActiveCfg = Release|Any CPU
		{9534CA03-DC85-4485-B242-19486655B801}.Release|Any CPU.Build.0 = Release|Any CPU
		{9534CA03-DC85-4485-B242-19486655B801}.Release|x64.ActiveCfg = Release|Any CPU
		{9534CA03-DC85-4485-B242-19486655B801}.Release|x64.Build.0 = Release|Any CPU
		{9534CA03-DC85-4485-B242-19486655B801}.Release|x86.ActiveCfg = Release|Any CPU
		{9534CA03-DC85-4485-B242-19486655B801}.Release|x86.Build.0 = Release|Any CPU
		{0A6608BB-3549-47EE-834B-DE30B4A377C6}.Debug|Any CPU.ActiveCfg = Debug|Any CPU
		{0A6608BB-3549-47EE-834B-DE30B4A377C6}.Debug|Any CPU.Build.0 = Debug|Any CPU
		{0A6608BB-3549-47EE-834B-DE30B4A377C6}.Debug|x64.ActiveCfg = Debug|Any CPU
		{0A6608BB-3549-47EE-834B-DE30B4A377C6}.Debug|x64.Build.0 = Debug|Any CPU
		{0A6608BB-3549-47EE-834B-DE30B4A377C6}.Debug|x86.ActiveCfg = Debug|Any CPU
		{0A6608BB-3549-47EE-834B-DE30B4A377C6}.Debug|x86.Build.0 = Debug|Any CPU
		{0A6608BB-3549-47EE-834B-DE30B4A377C6}.Release|Any CPU.ActiveCfg = Release|Any CPU
		{0A6608BB-3549-47EE-834B-DE30B4A377C6}.Release|Any CPU.Build.0 = Release|Any CPU
		{0A6608BB-3549-47EE-834B-DE30B4A377C6}.Release|x64.ActiveCfg = Release|Any CPU
		{0A6608BB-3549-47EE-834B-DE30B4A377C6}.Release|x64.Build.0 = Release|Any CPU
		{0A6608BB-3549-47EE-834B-DE30B4A377C6}.Release|x86.ActiveCfg = Release|Any CPU
		{0A6608BB-3549-47EE-834B-DE30B4A377C6}.Release|x86.Build.0 = Release|Any CPU
		{7580F8AE-B04D-4887-9E9C-C5729EBC8B32}.Debug|Any CPU.ActiveCfg = Debug|Any CPU
		{7580F8AE-B04D-4887-9E9C-C5729EBC8B32}.Debug|Any CPU.Build.0 = Debug|Any CPU
		{7580F8AE-B04D-4887-9E9C-C5729EBC8B32}.Debug|x64.ActiveCfg = Debug|Any CPU
		{7580F8AE-B04D-4887-9E9C-C5729EBC8B32}.Debug|x64.Build.0 = Debug|Any CPU
		{7580F8AE-B04D-4887-9E9C-C5729EBC8B32}.Debug|x86.ActiveCfg = Debug|Any CPU
		{7580F8AE-B04D-4887-9E9C-C5729EBC8B32}.Debug|x86.Build.0 = Debug|Any CPU
		{7580F8AE-B04D-4887-9E9C-C5729EBC8B32}.Release|Any CPU.ActiveCfg = Release|Any CPU
		{7580F8AE-B04D-4887-9E9C-C5729EBC8B32}.Release|Any CPU.Build.0 = Release|Any CPU
		{7580F8AE-B04D-4887-9E9C-C5729EBC8B32}.Release|x64.ActiveCfg = Release|Any CPU
		{7580F8AE-B04D-4887-9E9C-C5729EBC8B32}.Release|x64.Build.0 = Release|Any CPU
		{7580F8AE-B04D-4887-9E9C-C5729EBC8B32}.Release|x86.ActiveCfg = Release|Any CPU
		{7580F8AE-B04D-4887-9E9C-C5729EBC8B32}.Release|x86.Build.0 = Release|Any CPU
	EndGlobalSection
EndGlobal
